// !$*UTF8*$!
{
	archiveVersion = 1;
	classes = {
	};
	objectVersion = 48;
	objects = {

/* Begin PBXBuildFile section */
		51D80A1E1F06C8CA0062CB83 /* AppDelegate.swift in Sources */ = {isa = PBXBuildFile; fileRef = 51D80A1D1F06C8CA0062CB83 /* AppDelegate.swift */; };
		51D80A201F06C8CA0062CB83 /* ViewController.swift in Sources */ = {isa = PBXBuildFile; fileRef = 51D80A1F1F06C8CA0062CB83 /* ViewController.swift */; };
		51D80A231F06C8CA0062CB83 /* Main.storyboard in Resources */ = {isa = PBXBuildFile; fileRef = 51D80A211F06C8CA0062CB83 /* Main.storyboard */; };
		51D80A251F06C8CA0062CB83 /* Assets.xcassets in Resources */ = {isa = PBXBuildFile; fileRef = 51D80A241F06C8CA0062CB83 /* Assets.xcassets */; };
		51D80A281F06C8CA0062CB83 /* LaunchScreen.storyboard in Resources */ = {isa = PBXBuildFile; fileRef = 51D80A261F06C8CA0062CB83 /* LaunchScreen.storyboard */; };
		51D80A301F06CA510062CB83 /* toy.heic in Resources */ = {isa = PBXBuildFile; fileRef = 51D80A2F1F06CA4E0062CB83 /* toy.heic */; };
/* End PBXBuildFile section */

/* Begin PBXFileReference section */
		51D80A1A1F06C8CA0062CB83 /* Project8-Depth.app */ = {isa = PBXFileReference; explicitFileType = wrapper.application; includeInIndex = 0; path = "Project8-Depth.app"; sourceTree = BUILT_PRODUCTS_DIR; };
		51D80A1D1F06C8CA0062CB83 /* AppDelegate.swift */ = {isa = PBXFileReference; lastKnownFileType = sourcecode.swift; path = AppDelegate.swift; sourceTree = "<group>"; };
		51D80A1F1F06C8CA0062CB83 /* ViewController.swift */ = {isa = PBXFileReference; lastKnownFileType = sourcecode.swift; path = ViewController.swift; sourceTree = "<group>"; };
		51D80A221F06C8CA0062CB83 /* Base */ = {isa = PBXFileReference; lastKnownFileType = file.storyboard; name = Base; path = Base.lproj/Main.storyboard; sourceTree = "<group>"; };
		51D80A241F06C8CA0062CB83 /* Assets.xcassets */ = {isa = PBXFileReference; lastKnownFileType = folder.assetcatalog; path = Assets.xcassets; sourceTree = "<group>"; };
		51D80A271F06C8CA0062CB83 /* Base */ = {isa = PBXFileReference; lastKnownFileType = file.storyboard; name = Base; path = Base.lproj/LaunchScreen.storyboard; sourceTree = "<group>"; };
		51D80A291F06C8CA0062CB83 /* Info.plist */ = {isa = PBXFileReference; lastKnownFileType = text.plist.xml; path = Info.plist; sourceTree = "<group>"; };
		51D80A2F1F06CA4E0062CB83 /* toy.heic */ = {isa = PBXFileReference; lastKnownFileType = file; path = toy.heic; sourceTree = "<group>"; };
/* End PBXFileReference section */

/* Begin PBXFrameworksBuildPhase section */
		51D80A171F06C8CA0062CB83 /* Frameworks */ = {
			isa = PBXFrameworksBuildPhase;
			buildActionMask = 2147483647;
			files = (
			);
			runOnlyForDeploymentPostprocessing = 0;
		};
/* End PBXFrameworksBuildPhase section */

/* Begin PBXGroup section */
		51D80A111F06C8CA0062CB83 = {
			isa = PBXGroup;
			children = (
				51D80A1C1F06C8CA0062CB83 /* Project8-Depth */,
				51D80A1B1F06C8CA0062CB83 /* Products */,
			);
			sourceTree = "<group>";
		};
		51D80A1B1F06C8CA0062CB83 /* Products */ = {
			isa = PBXGroup;
			children = (
				51D80A1A1F06C8CA0062CB83 /* Project8-Depth.app */,
			);
			name = Products;
			sourceTree = "<group>";
		};
		51D80A1C1F06C8CA0062CB83 /* Project8-Depth */ = {
			isa = PBXGroup;
			children = (
				51D80A1D1F06C8CA0062CB83 /* AppDelegate.swift */,
				51D80A1F1F06C8CA0062CB83 /* ViewController.swift */,
				51D80A211F06C8CA0062CB83 /* Main.storyboard */,
				51D80A241F06C8CA0062CB83 /* Assets.xcassets */,
				51D80A261F06C8CA0062CB83 /* LaunchScreen.storyboard */,
				51D80A291F06C8CA0062CB83 /* Info.plist */,
				51D80A2F1F06CA4E0062CB83 /* toy.heic */,
			);
			path = "Project8-Depth";
			sourceTree = "<group>";
		};
/* End PBXGroup section */

/* Begin PBXNativeTarget section */
		51D80A191F06C8CA0062CB83 /* Project8-Depth */ = {
			isa = PBXNativeTarget;
			buildConfigurationList = 51D80A2C1F06C8CA0062CB83 /* Build configuration list for PBXNativeTarget "Project8-Depth" */;
			buildPhases = (
				51D80A161F06C8CA0062CB83 /* Sources */,
				51D80A171F06C8CA0062CB83 /* Frameworks */,
				51D80A181F06C8CA0062CB83 /* Resources */,
			);
			buildRules = (
			);
			dependencies = (
			);
			name = "Project8-Depth";
			productName = "Project8-Depth";
			productReference = 51D80A1A1F06C8CA0062CB83 /* Project8-Depth.app */;
			productType = "com.apple.product-type.application";
		};
/* End PBXNativeTarget section */

/* Begin PBXProject section */
		51D80A121F06C8CA0062CB83 /* Project object */ = {
			isa = PBXProject;
			attributes = {
				LastSwiftUpdateCheck = 0900;
				LastUpgradeCheck = 0930;
				ORGANIZATIONNAME = "Paul Hudson";
				TargetAttributes = {
					51D80A191F06C8CA0062CB83 = {
						CreatedOnToolsVersion = 9.0;
					};
				};
			};
			buildConfigurationList = 51D80A151F06C8CA0062CB83 /* Build configuration list for PBXProject "Project8-Depth" */;
			compatibilityVersion = "Xcode 8.0";
			developmentRegion = en;
			hasScannedForEncodings = 0;
			knownRegions = (
				en,
				Base,
			);
			mainGroup = 51D80A111F06C8CA0062CB83;
			productRefGroup = 51D80A1B1F06C8CA0062CB83 /* Products */;
			projectDirPath = "";
			projectRoot = "";
			targets = (
				51D80A191F06C8CA0062CB83 /* Project8-Depth */,
			);
		};
/* End PBXProject section */

/* Begin PBXResourcesBuildPhase section */
		51D80A181F06C8CA0062CB83 /* Resources */ = {
			isa = PBXResourcesBuildPhase;
			buildActionMask = 2147483647;
			files = (
				51D80A281F06C8CA0062CB83 /* LaunchScreen.storyboard in Resources */,
				51D80A251F06C8CA0062CB83 /* Assets.xcassets in Resources */,
				51D80A231F06C8CA0062CB83 /* Main.storyboard in Resources */,
				51D80A301F06CA510062CB83 /* toy.heic in Resources */,
			);
			runOnlyForDeploymentPostprocessing = 0;
		};
/* End PBXResourcesBuildPhase section */

/* Begin PBXSourcesBuildPhase section */
		51D80A161F06C8CA0062CB83 /* Sources */ = {
			isa = PBXSourcesBuildPhase;
			buildActionMask = 2147483647;
			files = (
				51D80A201F06C8CA0062CB83 /* ViewController.swift in Sources */,
				51D80A1E1F06C8CA0062CB83 /* AppDelegate.swift in Sources */,
			);
			runOnlyForDeploymentPostprocessing = 0;
		};
/* End PBXSourcesBuildPhase section */

/* Begin PBXVariantGroup section */
		51D80A211F06C8CA0062CB83 /* Main.storyboard */ = {
			isa = PBXVariantGroup;
			children = (
				51D80A221F06C8CA0062CB83 /* Base */,
			);
			name = Main.storyboard;
			sourceTree = "<group>";
		};
		51D80A261F06C8CA0062CB83 /* LaunchScreen.storyboard */ = {
			isa = PBXVariantGroup;
			children = (
				51D80A271F06C8CA0062CB83 /* Base */,
			);
			name = LaunchScreen.storyboard;
			sourceTree = "<group>";
		};
/* End PBXVariantGroup section */

/* Begin XCBuildConfiguration section */
		51D80A2A1F06C8CA0062CB83 /* Debug */ = {
			isa = XCBuildConfiguration;
			buildSettings = {
				ALWAYS_SEARCH_USER_PATHS = NO;
				CLANG_ANALYZER_NONNULL = YES;
				CLANG_ANALYZER_NUMBER_OBJECT_CONVERSION = YES_AGGRESSIVE;
				CLANG_CXX_LANGUAGE_STANDARD = "gnu++14";
				CLANG_CXX_LIBRARY = "libc++";
				CLANG_ENABLE_MODULES = YES;
				CLANG_ENABLE_OBJC_ARC = YES;
				CLANG_WARN_BLOCK_CAPTURE_AUTORELEASING = YES;
				CLANG_WARN_BOOL_CONVERSION = YES;
				CLANG_WARN_COMMA = YES;
				CLANG_WARN_CONSTANT_CONVERSION = YES;
				CLANG_WARN_DEPRECATED_OBJC_IMPLEMENTATIONS = YES;
				CLANG_WARN_DIRECT_OBJC_ISA_USAGE = YES_ERROR;
				CLANG_WARN_DOCUMENTATION_COMMENTS = YES;
				CLANG_WARN_EMPTY_BODY = YES;
				CLANG_WARN_ENUM_CONVERSION = YES;
				CLANG_WARN_INFINITE_RECURSION = YES;
				CLANG_WARN_INT_CONVERSION = YES;
				CLANG_WARN_NON_LITERAL_NULL_CONVERSION = YES;
				CLANG_WARN_OBJC_IMPLICIT_RETAIN_SELF = YES;
				CLANG_WARN_OBJC_LITERAL_CONVERSION = YES;
				CLANG_WARN_OBJC_ROOT_CLASS = YES_ERROR;
				CLANG_WARN_RANGE_LOOP_ANALYSIS = YES;
				CLANG_WARN_STRICT_PROTOTYPES = YES;
				CLANG_WARN_SUSPICIOUS_MOVE = YES;
				CLANG_WARN_UNGUARDED_AVAILABILITY = YES_AGGRESSIVE;
				CLANG_WARN_UNREACHABLE_CODE = YES;
				CLANG_WARN__DUPLICATE_METHOD_MATCH = YES;
				CODE_SIGN_IDENTITY = "iPhone Developer";
				COPY_PHASE_STRIP = NO;
				DEBUG_INFORMATION_FORMAT = dwarf;
				ENABLE_STRICT_OBJC_MSGSEND = YES;
				ENABLE_TESTABILITY = YES;
				GCC_C_LANGUAGE_STANDARD = gnu11;
				GCC_DYNAMIC_NO_PIC = NO;
				GCC_NO_COMMON_BLOCKS = YES;
				GCC_OPTIMIZATION_LEVEL = 0;
				GCC_PREPROCESSOR_DEFINITIONS = (
					"DEBUG=1",
					"$(inherited)",
				);
				GCC_WARN_64_TO_32_BIT_CONVERSION = YES;
				GCC_WARN_ABOUT_RETURN_TYPE = YES_ERROR;
				GCC_WARN_UNDECLARED_SELECTOR = YES;
				GCC_WARN_UNINITIALIZED_AUTOS = YES_AGGRESSIVE;
				GCC_WARN_UNUSED_FUNCTION = YES;
				GCC_WARN_UNUSED_VARIABLE = YES;
				IPHONEOS_DEPLOYMENT_TARGET = 12.0;
				MTL_ENABLE_DEBUG_INFO = YES;
				ONLY_ACTIVE_ARCH = YES;
				SDKROOT = iphoneos;
				SWIFT_ACTIVE_COMPILATION_CONDITIONS = DEBUG;
				SWIFT_OPTIMIZATION_LEVEL = "-Onone";
			};
			name = Debug;
		};
		51D80A2B1F06C8CA0062CB83 /* Release */ = {
			isa = XCBuildConfiguration;
			buildSettings = {
				ALWAYS_SEARCH_USER_PATHS = NO;
				CLANG_ANALYZER_NONNULL = YES;
				CLANG_ANALYZER_NUMBER_OBJECT_CONVERSION = YES_AGGRESSIVE;
				CLANG_CXX_LANGUAGE_STANDARD = "gnu++14";
				CLANG_CXX_LIBRARY = "libc++";
				CLANG_ENABLE_MODULES = YES;
				CLANG_ENABLE_OBJC_ARC = YES;
				CLANG_WARN_BLOCK_CAPTURE_AUTORELEASING = YES;
				CLANG_WARN_BOOL_CONVERSION = YES;
				CLANG_WARN_COMMA = YES;
				CLANG_WARN_CONSTANT_CONVERSION = YES;
				CLANG_WARN_DEPRECATED_OBJC_IMPLEMENTATIONS = YES;
				CLANG_WARN_DIRECT_OBJC_ISA_USAGE = YES_ERROR;
				CLANG_WARN_DOCUMENTATION_COMMENTS = YES;
				CLANG_WARN_EMPTY_BODY = YES;
				CLANG_WARN_ENUM_CONVERSION = YES;
				CLANG_WARN_INFINITE_RECURSION = YES;
				CLANG_WARN_INT_CONVERSION = YES;
				CLANG_WARN_NON_LITERAL_NULL_CONVERSION = YES;
				CLANG_WARN_OBJC_IMPLICIT_RETAIN_SELF = YES;
				CLANG_WARN_OBJC_LITERAL_CONVERSION = YES;
				CLANG_WARN_OBJC_ROOT_CLASS = YES_ERROR;
				CLANG_WARN_RANGE_LOOP_ANALYSIS = YES;
				CLANG_WARN_STRICT_PROTOTYPES = YES;
				CLANG_WARN_SUSPICIOUS_MOVE = YES;
				CLANG_WARN_UNGUARDED_AVAILABILITY = YES_AGGRESSIVE;
				CLANG_WARN_UNREACHABLE_CODE = YES;
				CLANG_WARN__DUPLICATE_METHOD_MATCH = YES;
				CODE_SIGN_IDENTITY = "iPhone Developer";
				COPY_PHASE_STRIP = NO;
				DEBUG_INFORMATION_FORMAT = "dwarf-with-dsym";
				ENABLE_NS_ASSERTIONS = NO;
				ENABLE_STRICT_OBJC_MSGSEND = YES;
				GCC_C_LANGUAGE_STANDARD = gnu11;
				GCC_NO_COMMON_BLOCKS = YES;
				GCC_WARN_64_TO_32_BIT_CONVERSION = YES;
				GCC_WARN_ABOUT_RETURN_TYPE = YES_ERROR;
				GCC_WARN_UNDECLARED_SELECTOR = YES;
				GCC_WARN_UNINITIALIZED_AUTOS = YES_AGGRESSIVE;
				GCC_WARN_UNUSED_FUNCTION = YES;
				GCC_WARN_UNUSED_VARIABLE = YES;
				IPHONEOS_DEPLOYMENT_TARGET = 12.0;
				MTL_ENABLE_DEBUG_INFO = NO;
				SDKROOT = iphoneos;
				SWIFT_OPTIMIZATION_LEVEL = "-Owholemodule";
				VALIDATE_PRODUCT = YES;
			};
			name = Release;
		};
		51D80A2D1F06C8CA0062CB83 /* Debug */ = {
			isa = XCBuildConfiguration;
			buildSettings = {
				ASSETCATALOG_COMPILER_APPICON_NAME = AppIcon;
				DEVELOPMENT_TEAM = B5C26XE59E;
				INFOPLIST_FILE = "Project8-Depth/Info.plist";
				LD_RUNPATH_SEARCH_PATHS = "$(inherited) @executable_path/Frameworks";
				PRODUCT_BUNDLE_IDENTIFIER = "com.hackingwithswift.Project8-Depth";
				PRODUCT_NAME = "$(TARGET_NAME)";
				SWIFT_VERSION = 5.0;
				TARGETED_DEVICE_FAMILY = "1,2";
			};
			name = Debug;
		};
		51D80A2E1F06C8CA0062CB83 /* Release */ = {
			isa = XCBuildConfiguration;
			buildSettings = {
				ASSETCATALOG_COMPILER_APPICON_NAME = AppIcon;
				DEVELOPMENT_TEAM = B5C26XE59E;
				INFOPLIST_FILE = "Project8-Depth/Info.plist";
				LD_RUNPATH_SEARCH_PATHS = "$(inherited) @executable_path/Frameworks";
				PRODUCT_BUNDLE_IDENTIFIER = "com.hackingwithswift.Project8-Depth";
				PRODUCT_NAME = "$(TARGET_NAME)";
				SWIFT_VERSION = 5.0;
				TARGETED_DEVICE_FAMILY = "1,2";
			};
			name = Release;
		};
/* End XCBuildConfiguration section */

/* Begin XCConfigurationList section */
		51D80A151F06C8CA0062CB83 /* Build configuration list for PBXProject "Project8-Depth" */ = {
			isa = XCConfigurationList;
			buildConfigurations = (
				51D80A2A1F06C8CA0062CB83 /* Debug */,
				51D80A2B1F06C8CA0062CB83 /* Release */,
			);
			defaultConfigurationIsVisible = 0;
			defaultConfigurationName = Release;
		};
		51D80A2C1F06C8CA0062CB83 /* Build configuration list for PBXNativeTarget "Project8-Depth" */ = {
			isa = XCConfigurationList;
			buildConfigurations = (
				51D80A2D1F06C8CA0062CB83 /* Debug */,
				51D80A2E1F06C8CA0062CB83 /* Release */,
			);
			defaultConfigurationIsVisible = 0;
			defaultConfigurationName = Release;
		};
/* End XCConfigurationList section */
	};
	rootObject = 51D80A121F06C8CA0062CB83 /* Project object */;
}
