// !$*UTF8*$!
{
	archiveVersion = 1;
	classes = {
	};
	objectVersion = 50;
	objects = {

/* Begin PBXBuildFile section */
		578C8F1523FC863200164B12 /* AppDelegate.swift in Sources */ = {isa = PBXBuildFile; fileRef = 578C8F1423FC863200164B12 /* AppDelegate.swift */; };
		578C8F1923FC863200164B12 /* ViewController.swift in Sources */ = {isa = PBXBuildFile; fileRef = 578C8F1823FC863200164B12 /* ViewController.swift */; };
		578C8F1C23FC863200164B12 /* Main.storyboard in Resources */ = {isa = PBXBuildFile; fileRef = 578C8F1A23FC863200164B12 /* Main.storyboard */; };
		578C8F1E23FC863400164B12 /* Assets.xcassets in Resources */ = {isa = PBXBuildFile; fileRef = 578C8F1D23FC863400164B12 /* Assets.xcassets */; };
		578C8F2123FC863400164B12 /* LaunchScreen.storyboard in Resources */ = {isa = PBXBuildFile; fileRef = 578C8F1F23FC863400164B12 /* LaunchScreen.storyboard */; };
		578C8F3323FC865A00164B12 /* beyond-code.pdf in Resources */ = {isa = PBXBuildFile; fileRef = 578C8F2823FC865800164B12 /* beyond-code.pdf */; };
		578C8F3423FC865A00164B12 /* swift-coding-challenges.pdf in Resources */ = {isa = PBXBuildFile; fileRef = 578C8F2923FC865800164B12 /* swift-coding-challenges.pdf */; };
		578C8F3523FC865A00164B12 /* hacking-with-swift.pdf in Resources */ = {isa = PBXBuildFile; fileRef = 578C8F2A23FC865800164B12 /* hacking-with-swift.pdf */; };
		578C8F3623FC865A00164B12 /* server-side-swift.pdf in Resources */ = {isa = PBXBuildFile; fileRef = 578C8F2B23FC865800164B12 /* server-side-swift.pdf */; };
		578C8F3723FC865A00164B12 /* pro-swift.pdf in Resources */ = {isa = PBXBuildFile; fileRef = 578C8F2C23FC865800164B12 /* pro-swift.pdf */; };
		578C8F3823FC865A00164B12 /* hacking-with-tvos.pdf in Resources */ = {isa = PBXBuildFile; fileRef = 578C8F2D23FC865900164B12 /* hacking-with-tvos.pdf */; };
		578C8F3923FC865A00164B12 /* hacking-with-watchos.pdf in Resources */ = {isa = PBXBuildFile; fileRef = 578C8F2E23FC865900164B12 /* hacking-with-watchos.pdf */; };
		578C8F3A23FC865A00164B12 /* objective-c-for-swift-developers.pdf in Resources */ = {isa = PBXBuildFile; fileRef = 578C8F2F23FC865900164B12 /* objective-c-for-swift-developers.pdf */; };
		578C8F3B23FC865A00164B12 /* advanced-ios-volume-one.pdf in Resources */ = {isa = PBXBuildFile; fileRef = 578C8F3023FC865A00164B12 /* advanced-ios-volume-one.pdf */; };
		578C8F3C23FC865A00164B12 /* hacking-with-macos.pdf in Resources */ = {isa = PBXBuildFile; fileRef = 578C8F3123FC865A00164B12 /* hacking-with-macos.pdf */; };
		578C8F3D23FC865A00164B12 /* practical-ios-11.pdf in Resources */ = {isa = PBXBuildFile; fileRef = 578C8F3223FC865A00164B12 /* practical-ios-11.pdf */; };
/* End PBXBuildFile section */

/* Begin PBXFileReference section */
		578C8F1123FC863200164B12 /* Project4.app */ = {isa = PBXFileReference; explicitFileType = wrapper.application; includeInIndex = 0; path = Project4.app; sourceTree = BUILT_PRODUCTS_DIR; };
		578C8F1423FC863200164B12 /* AppDelegate.swift */ = {isa = PBXFileReference; lastKnownFileType = sourcecode.swift; path = AppDelegate.swift; sourceTree = "<group>"; };
		578C8F1823FC863200164B12 /* ViewController.swift */ = {isa = PBXFileReference; lastKnownFileType = sourcecode.swift; path = ViewController.swift; sourceTree = "<group>"; };
		578C8F1B23FC863200164B12 /* Base */ = {isa = PBXFileReference; lastKnownFileType = file.storyboard; name = Base; path = Base.lproj/Main.storyboard; sourceTree = "<group>"; };
		578C8F1D23FC863400164B12 /* Assets.xcassets */ = {isa = PBXFileReference; lastKnownFileType = folder.assetcatalog; path = Assets.xcassets; sourceTree = "<group>"; };
		578C8F2023FC863400164B12 /* Base */ = {isa = PBXFileReference; lastKnownFileType = file.storyboard; name = Base; path = Base.lproj/LaunchScreen.storyboard; sourceTree = "<group>"; };
		578C8F2223FC863400164B12 /* Info.plist */ = {isa = PBXFileReference; lastKnownFileType = text.plist.xml; path = Info.plist; sourceTree = "<group>"; };
		578C8F2823FC865800164B12 /* beyond-code.pdf */ = {isa = PBXFileReference; lastKnownFileType = image.pdf; path = "beyond-code.pdf"; sourceTree = "<group>"; };
		578C8F2923FC865800164B12 /* swift-coding-challenges.pdf */ = {isa = PBXFileReference; lastKnownFileType = image.pdf; path = "swift-coding-challenges.pdf"; sourceTree = "<group>"; };
		578C8F2A23FC865800164B12 /* hacking-with-swift.pdf */ = {isa = PBXFileReference; lastKnownFileType = image.pdf; path = "hacking-with-swift.pdf"; sourceTree = "<group>"; };
		578C8F2B23FC865800164B12 /* server-side-swift.pdf */ = {isa = PBXFileReference; lastKnownFileType = image.pdf; path = "server-side-swift.pdf"; sourceTree = "<group>"; };
		578C8F2C23FC865800164B12 /* pro-swift.pdf */ = {isa = PBXFileReference; lastKnownFileType = image.pdf; path = "pro-swift.pdf"; sourceTree = "<group>"; };
		578C8F2D23FC865900164B12 /* hacking-with-tvos.pdf */ = {isa = PBXFileReference; lastKnownFileType = image.pdf; path = "hacking-with-tvos.pdf"; sourceTree = "<group>"; };
		578C8F2E23FC865900164B12 /* hacking-with-watchos.pdf */ = {isa = PBXFileReference; lastKnownFileType = image.pdf; path = "hacking-with-watchos.pdf"; sourceTree = "<group>"; };
		578C8F2F23FC865900164B12 /* objective-c-for-swift-developers.pdf */ = {isa = PBXFileReference; lastKnownFileType = image.pdf; path = "objective-c-for-swift-developers.pdf"; sourceTree = "<group>"; };
		578C8F3023FC865A00164B12 /* advanced-ios-volume-one.pdf */ = {isa = PBXFileReference; lastKnownFileType = image.pdf; path = "advanced-ios-volume-one.pdf"; sourceTree = "<group>"; };
		578C8F3123FC865A00164B12 /* hacking-with-macos.pdf */ = {isa = PBXFileReference; lastKnownFileType = image.pdf; path = "hacking-with-macos.pdf"; sourceTree = "<group>"; };
		578C8F3223FC865A00164B12 /* practical-ios-11.pdf */ = {isa = PBXFileReference; lastKnownFileType = image.pdf; path = "practical-ios-11.pdf"; sourceTree = "<group>"; };
/* End PBXFileReference section */

/* Begin PBXFrameworksBuildPhase section */
		578C8F0E23FC863200164B12 /* Frameworks */ = {
			isa = PBXFrameworksBuildPhase;
			buildActionMask = 2147483647;
			files = (
			);
			runOnlyForDeploymentPostprocessing = 0;
		};
/* End PBXFrameworksBuildPhase section */

/* Begin PBXGroup section */
		578C8F0823FC863200164B12 = {
			isa = PBXGroup;
			children = (
				578C8F1323FC863200164B12 /* Project4 */,
				578C8F1223FC863200164B12 /* Products */,
			);
			sourceTree = "<group>";
		};
		578C8F1223FC863200164B12 /* Products */ = {
			isa = PBXGroup;
			children = (
				578C8F1123FC863200164B12 /* Project4.app */,
			);
			name = Products;
			sourceTree = "<group>";
		};
		578C8F1323FC863200164B12 /* Project4 */ = {
			isa = PBXGroup;
			children = (
				578C8F1423FC863200164B12 /* AppDelegate.swift */,
				578C8F1823FC863200164B12 /* ViewController.swift */,
				578C8F1A23FC863200164B12 /* Main.storyboard */,
				578C8F1D23FC863400164B12 /* Assets.xcassets */,
				578C8F1F23FC863400164B12 /* LaunchScreen.storyboard */,
				578C8F2223FC863400164B12 /* Info.plist */,
				578C8F3023FC865A00164B12 /* advanced-ios-volume-one.pdf */,
				578C8F2823FC865800164B12 /* beyond-code.pdf */,
				578C8F3123FC865A00164B12 /* hacking-with-macos.pdf */,
				578C8F2A23FC865800164B12 /* hacking-with-swift.pdf */,
				578C8F2D23FC865900164B12 /* hacking-with-tvos.pdf */,
				578C8F2E23FC865900164B12 /* hacking-with-watchos.pdf */,
				578C8F2F23FC865900164B12 /* objective-c-for-swift-developers.pdf */,
				578C8F3223FC865A00164B12 /* practical-ios-11.pdf */,
				578C8F2C23FC865800164B12 /* pro-swift.pdf */,
				578C8F2B23FC865800164B12 /* server-side-swift.pdf */,
				578C8F2923FC865800164B12 /* swift-coding-challenges.pdf */,
			);
			path = Project4;
			sourceTree = "<group>";
		};
/* End PBXGroup section */

/* Begin PBXNativeTarget section */
		578C8F1023FC863200164B12 /* Project4 */ = {
			isa = PBXNativeTarget;
			buildConfigurationList = 578C8F2523FC863400164B12 /* Build configuration list for PBXNativeTarget "Project4" */;
			buildPhases = (
				578C8F0D23FC863200164B12 /* Sources */,
				578C8F0E23FC863200164B12 /* Frameworks */,
				578C8F0F23FC863200164B12 /* Resources */,
			);
			buildRules = (
			);
			dependencies = (
			);
			name = Project4;
			productName = Project4;
			productReference = 578C8F1123FC863200164B12 /* Project4.app */;
			productType = "com.apple.product-type.application";
		};
/* End PBXNativeTarget section */

/* Begin PBXProject section */
		578C8F0923FC863200164B12 /* Project object */ = {
			isa = PBXProject;
			attributes = {
				LastSwiftUpdateCheck = 1130;
				LastUpgradeCheck = 1130;
				ORGANIZATIONNAME = "Zach Frew";
				TargetAttributes = {
					578C8F1023FC863200164B12 = {
						CreatedOnToolsVersion = 11.3.1;
					};
				};
			};
			buildConfigurationList = 578C8F0C23FC863200164B12 /* Build configuration list for PBXProject "Project4" */;
			compatibilityVersion = "Xcode 9.3";
			developmentRegion = en;
			hasScannedForEncodings = 0;
			knownRegions = (
				en,
				Base,
			);
			mainGroup = 578C8F0823FC863200164B12;
			productRefGroup = 578C8F1223FC863200164B12 /* Products */;
			projectDirPath = "";
			projectRoot = "";
			targets = (
				578C8F1023FC863200164B12 /* Project4 */,
			);
		};
/* End PBXProject section */

/* Begin PBXResourcesBuildPhase section */
		578C8F0F23FC863200164B12 /* Resources */ = {
			isa = PBXResourcesBuildPhase;
			buildActionMask = 2147483647;
			files = (
				578C8F3723FC865A00164B12 /* pro-swift.pdf in Resources */,
				578C8F3323FC865A00164B12 /* beyond-code.pdf in Resources */,
				578C8F3823FC865A00164B12 /* hacking-with-tvos.pdf in Resources */,
				578C8F3423FC865A00164B12 /* swift-coding-challenges.pdf in Resources */,
				578C8F3C23FC865A00164B12 /* hacking-with-macos.pdf in Resources */,
				578C8F3523FC865A00164B12 /* hacking-with-swift.pdf in Resources */,
				578C8F3B23FC865A00164B12 /* advanced-ios-volume-one.pdf in Resources */,
				578C8F2123FC863400164B12 /* LaunchScreen.storyboard in Resources */,
				578C8F3A23FC865A00164B12 /* objective-c-for-swift-developers.pdf in Resources */,
				578C8F3923FC865A00164B12 /* hacking-with-watchos.pdf in Resources */,
				578C8F1E23FC863400164B12 /* Assets.xcassets in Resources */,
				578C8F3623FC865A00164B12 /* server-side-swift.pdf in Resources */,
				578C8F3D23FC865A00164B12 /* practical-ios-11.pdf in Resources */,
				578C8F1C23FC863200164B12 /* Main.storyboard in Resources */,
			);
			runOnlyForDeploymentPostprocessing = 0;
		};
/* End PBXResourcesBuildPhase section */

/* Begin PBXSourcesBuildPhase section */
		578C8F0D23FC863200164B12 /* Sources */ = {
			isa = PBXSourcesBuildPhase;
			buildActionMask = 2147483647;
			files = (
				578C8F1923FC863200164B12 /* ViewController.swift in Sources */,
				578C8F1523FC863200164B12 /* AppDelegate.swift in Sources */,
			);
			runOnlyForDeploymentPostprocessing = 0;
		};
/* End PBXSourcesBuildPhase section */

/* Begin PBXVariantGroup section */
		578C8F1A23FC863200164B12 /* Main.storyboard */ = {
			isa = PBXVariantGroup;
			children = (
				578C8F1B23FC863200164B12 /* Base */,
			);
			name = Main.storyboard;
			sourceTree = "<group>";
		};
		578C8F1F23FC863400164B12 /* LaunchScreen.storyboard */ = {
			isa = PBXVariantGroup;
			children = (
				578C8F2023FC863400164B12 /* Base */,
			);
			name = LaunchScreen.storyboard;
			sourceTree = "<group>";
		};
/* End PBXVariantGroup section */

/* Begin XCBuildConfiguration section */
		578C8F2323FC863400164B12 /* Debug */ = {
			isa = XCBuildConfiguration;
			buildSettings = {
				ALWAYS_SEARCH_USER_PATHS = NO;
				CLANG_ANALYZER_NONNULL = YES;
				CLANG_ANALYZER_NUMBER_OBJECT_CONVERSION = YES_AGGRESSIVE;
				CLANG_CXX_LANGUAGE_STANDARD = "gnu++14";
				CLANG_CXX_LIBRARY = "libc++";
				CLANG_ENABLE_MODULES = YES;
				CLANG_ENABLE_OBJC_ARC = YES;
				CLANG_ENABLE_OBJC_WEAK = YES;
				CLANG_WARN_BLOCK_CAPTURE_AUTORELEASING = YES;
				CLANG_WARN_BOOL_CONVERSION = YES;
				CLANG_WARN_COMMA = YES;
				CLANG_WARN_CONSTANT_CONVERSION = YES;
				CLANG_WARN_DEPRECATED_OBJC_IMPLEMENTATIONS = YES;
				CLANG_WARN_DIRECT_OBJC_ISA_USAGE = YES_ERROR;
				CLANG_WARN_DOCUMENTATION_COMMENTS = YES;
				CLANG_WARN_EMPTY_BODY = YES;
				CLANG_WARN_ENUM_CONVERSION = YES;
				CLANG_WARN_INFINITE_RECURSION = YES;
				CLANG_WARN_INT_CONVERSION = YES;
				CLANG_WARN_NON_LITERAL_NULL_CONVERSION = YES;
				CLANG_WARN_OBJC_IMPLICIT_RETAIN_SELF = YES;
				CLANG_WARN_OBJC_LITERAL_CONVERSION = YES;
				CLANG_WARN_OBJC_ROOT_CLASS = YES_ERROR;
				CLANG_WARN_RANGE_LOOP_ANALYSIS = YES;
				CLANG_WARN_STRICT_PROTOTYPES = YES;
				CLANG_WARN_SUSPICIOUS_MOVE = YES;
				CLANG_WARN_UNGUARDED_AVAILABILITY = YES_AGGRESSIVE;
				CLANG_WARN_UNREACHABLE_CODE = YES;
				CLANG_WARN__DUPLICATE_METHOD_MATCH = YES;
				COPY_PHASE_STRIP = NO;
				DEBUG_INFORMATION_FORMAT = dwarf;
				ENABLE_STRICT_OBJC_MSGSEND = YES;
				ENABLE_TESTABILITY = YES;
				GCC_C_LANGUAGE_STANDARD = gnu11;
				GCC_DYNAMIC_NO_PIC = NO;
				GCC_NO_COMMON_BLOCKS = YES;
				GCC_OPTIMIZATION_LEVEL = 0;
				GCC_PREPROCESSOR_DEFINITIONS = (
					"DEBUG=1",
					"$(inherited)",
				);
				GCC_WARN_64_TO_32_BIT_CONVERSION = YES;
				GCC_WARN_ABOUT_RETURN_TYPE = YES_ERROR;
				GCC_WARN_UNDECLARED_SELECTOR = YES;
				GCC_WARN_UNINITIALIZED_AUTOS = YES_AGGRESSIVE;
				GCC_WARN_UNUSED_FUNCTION = YES;
				GCC_WARN_UNUSED_VARIABLE = YES;
				IPHONEOS_DEPLOYMENT_TARGET = 13.2;
				MTL_ENABLE_DEBUG_INFO = INCLUDE_SOURCE;
				MTL_FAST_MATH = YES;
				ONLY_ACTIVE_ARCH = YES;
				SDKROOT = iphoneos;
				SWIFT_ACTIVE_COMPILATION_CONDITIONS = DEBUG;
				SWIFT_OPTIMIZATION_LEVEL = "-Onone";
			};
			name = Debug;
		};
		578C8F2423FC863400164B12 /* Release */ = {
			isa = XCBuildConfiguration;
			buildSettings = {
				ALWAYS_SEARCH_USER_PATHS = NO;
				CLANG_ANALYZER_NONNULL = YES;
				CLANG_ANALYZER_NUMBER_OBJECT_CONVERSION = YES_AGGRESSIVE;
				CLANG_CXX_LANGUAGE_STANDARD = "gnu++14";
				CLANG_CXX_LIBRARY = "libc++";
				CLANG_ENABLE_MODULES = YES;
				CLANG_ENABLE_OBJC_ARC = YES;
				CLANG_ENABLE_OBJC_WEAK = YES;
				CLANG_WARN_BLOCK_CAPTURE_AUTORELEASING = YES;
				CLANG_WARN_BOOL_CONVERSION = YES;
				CLANG_WARN_COMMA = YES;
				CLANG_WARN_CONSTANT_CONVERSION = YES;
				CLANG_WARN_DEPRECATED_OBJC_IMPLEMENTATIONS = YES;
				CLANG_WARN_DIRECT_OBJC_ISA_USAGE = YES_ERROR;
				CLANG_WARN_DOCUMENTATION_COMMENTS = YES;
				CLANG_WARN_EMPTY_BODY = YES;
				CLANG_WARN_ENUM_CONVERSION = YES;
				CLANG_WARN_INFINITE_RECURSION = YES;
				CLANG_WARN_INT_CONVERSION = YES;
				CLANG_WARN_NON_LITERAL_NULL_CONVERSION = YES;
				CLANG_WARN_OBJC_IMPLICIT_RETAIN_SELF = YES;
				CLANG_WARN_OBJC_LITERAL_CONVERSION = YES;
				CLANG_WARN_OBJC_ROOT_CLASS = YES_ERROR;
				CLANG_WARN_RANGE_LOOP_ANALYSIS = YES;
				CLANG_WARN_STRICT_PROTOTYPES = YES;
				CLANG_WARN_SUSPICIOUS_MOVE = YES;
				CLANG_WARN_UNGUARDED_AVAILABILITY = YES_AGGRESSIVE;
				CLANG_WARN_UNREACHABLE_CODE = YES;
				CLANG_WARN__DUPLICATE_METHOD_MATCH = YES;
				COPY_PHASE_STRIP = NO;
				DEBUG_INFORMATION_FORMAT = "dwarf-with-dsym";
				ENABLE_NS_ASSERTIONS = NO;
				ENABLE_STRICT_OBJC_MSGSEND = YES;
				GCC_C_LANGUAGE_STANDARD = gnu11;
				GCC_NO_COMMON_BLOCKS = YES;
				GCC_WARN_64_TO_32_BIT_CONVERSION = YES;
				GCC_WARN_ABOUT_RETURN_TYPE = YES_ERROR;
				GCC_WARN_UNDECLARED_SELECTOR = YES;
				GCC_WARN_UNINITIALIZED_AUTOS = YES_AGGRESSIVE;
				GCC_WARN_UNUSED_FUNCTION = YES;
				GCC_WARN_UNUSED_VARIABLE = YES;
				IPHONEOS_DEPLOYMENT_TARGET = 13.2;
				MTL_ENABLE_DEBUG_INFO = NO;
				MTL_FAST_MATH = YES;
				SDKROOT = iphoneos;
				SWIFT_COMPILATION_MODE = wholemodule;
				SWIFT_OPTIMIZATION_LEVEL = "-O";
				VALIDATE_PRODUCT = YES;
			};
			name = Release;
		};
		578C8F2623FC863400164B12 /* Debug */ = {
			isa = XCBuildConfiguration;
			buildSettings = {
				ASSETCATALOG_COMPILER_APPICON_NAME = AppIcon;
				CODE_SIGN_STYLE = Automatic;
				DEVELOPMENT_TEAM = TML83P7F4U;
				INFOPLIST_FILE = Project4/Info.plist;
				LD_RUNPATH_SEARCH_PATHS = (
					"$(inherited)",
					"@executable_path/Frameworks",
				);
				PRODUCT_BUNDLE_IDENTIFIER = com.zachfrew.Project4;
				PRODUCT_NAME = "$(TARGET_NAME)";
				SWIFT_VERSION = 5.0;
				TARGETED_DEVICE_FAMILY = "1,2";
			};
			name = Debug;
		};
		578C8F2723FC863400164B12 /* Release */ = {
			isa = XCBuildConfiguration;
			buildSettings = {
				ASSETCATALOG_COMPILER_APPICON_NAME = AppIcon;
				CODE_SIGN_STYLE = Automatic;
				DEVELOPMENT_TEAM = TML83P7F4U;
				INFOPLIST_FILE = Project4/Info.plist;
				LD_RUNPATH_SEARCH_PATHS = (
					"$(inherited)",
					"@executable_path/Frameworks",
				);
				PRODUCT_BUNDLE_IDENTIFIER = com.zachfrew.Project4;
				PRODUCT_NAME = "$(TARGET_NAME)";
				SWIFT_VERSION = 5.0;
				TARGETED_DEVICE_FAMILY = "1,2";
			};
			name = Release;
		};
/* End XCBuildConfiguration section */

/* Begin XCConfigurationList section */
		578C8F0C23FC863200164B12 /* Build configuration list for PBXProject "Project4" */ = {
			isa = XCConfigurationList;
			buildConfigurations = (
				578C8F2323FC863400164B12 /* Debug */,
				578C8F2423FC863400164B12 /* Release */,
			);
			defaultConfigurationIsVisible = 0;
			defaultConfigurationName = Release;
		};
		578C8F2523FC863400164B12 /* Build configuration list for PBXNativeTarget "Project4" */ = {
			isa = XCConfigurationList;
			buildConfigurations = (
				578C8F2623FC863400164B12 /* Debug */,
				578C8F2723FC863400164B12 /* Release */,
			);
			defaultConfigurationIsVisible = 0;
			defaultConfigurationName = Release;
		};
/* End XCConfigurationList section */
	};
	rootObject = 578C8F0923FC863200164B12 /* Project object */;
}
